
Microsoft Visual Studio Solution File, Format Version 12.00
# Visual Studio 15
VisualStudioVersion = 15.0.28307.329
MinimumVisualStudioVersion = 10.0.40219.1
Project("{9A19103F-16F7-4668-BE54-9A1E7A4F7556}") = "MyWebStore", "WebStore\MyWebStore.csproj", "{7313B7CC-7F42-479B-9AA2-3653FA2AE29A}"
EndProject
Project("{9A19103F-16F7-4668-BE54-9A1E7A4F7556}") = "MyWebStore.DAL", "MyWebStore.DAL\MyWebStore.DAL.csproj", "{00F33B42-7655-423E-BFEF-9238C965B60F}"
EndProject
Project("{9A19103F-16F7-4668-BE54-9A1E7A4F7556}") = "MyWebStore.DomainNew", "MyWebStore.DomainNew\MyWebStore.DomainNew.csproj", "{57073B12-F4E7-4079-9997-8385FB5E4CCD}"
EndProject
Global
	GlobalSection(SolutionConfigurationPlatforms) = preSolution
		Debug|Any CPU = Debug|Any CPU
		Release|Any CPU = Release|Any CPU
	EndGlobalSection
	GlobalSection(ProjectConfigurationPlatforms) = postSolution
		{7313B7CC-7F42-479B-9AA2-3653FA2AE29A}.Debug|Any CPU.ActiveCfg = Debug|Any CPU
		{7313B7CC-7F42-479B-9AA2-3653FA2AE29A}.Debug|Any CPU.Build.0 = Debug|Any CPU
		{7313B7CC-7F42-479B-9AA2-3653FA2AE29A}.Release|Any CPU.ActiveCfg = Release|Any CPU
		{7313B7CC-7F42-479B-9AA2-3653FA2AE29A}.Release|Any CPU.Build.0 = Release|Any CPU
		{00F33B42-7655-423E-BFEF-9238C965B60F}.Debug|Any CPU.ActiveCfg = Debug|Any CPU
		{00F33B42-7655-423E-BFEF-9238C965B60F}.Debug|Any CPU.Build.0 = Debug|Any CPU
		{00F33B42-7655-423E-BFEF-9238C965B60F}.Release|Any CPU.ActiveCfg = Release|Any CPU
		{00F33B42-7655-423E-BFEF-9238C965B60F}.Release|Any CPU.Build.0 = Release|Any CPU
		{57073B12-F4E7-4079-9997-8385FB5E4CCD}.Debug|Any CPU.ActiveCfg = Debug|Any CPU
		{57073B12-F4E7-4079-9997-8385FB5E4CCD}.Debug|Any CPU.Build.0 = Debug|Any CPU
		{57073B12-F4E7-4079-9997-8385FB5E4CCD}.Release|Any CPU.ActiveCfg = Release|Any CPU
		{57073B12-F4E7-4079-9997-8385FB5E4CCD}.Release|Any CPU.Build.0 = Release|Any CPU
	EndGlobalSection
	GlobalSection(SolutionProperties) = preSolution
		HideSolutionNode = FALSE
	EndGlobalSection
	GlobalSection(ExtensibilityGlobals) = postSolution
		SolutionGuid = {DD532D0D-F179-4928-9DBA-A9C3EA9EB1BE}
	EndGlobalSection
EndGlobal
